
Microsoft Visual Studio Solution File, Format Version 12.00
# Visual Studio Version 16
VisualStudioVersion = 16.0.30413.136
MinimumVisualStudioVersion = 10.0.40219.1
Project("{FAE04EC0-301F-11D3-BF4B-00C04F79EFBC}") = "WebAPI_TeamHALM", "WebAPI_TeamHALM\WebAPI_TeamHALM.csproj", "{33C79736-211A-47BD-BA72-9842BB2E3678}"
EndProject
Project("{FAE04EC0-301F-11D3-BF4B-00C04F79EFBC}") = "WebAPI_TeamHALM_Domain", "WebAPI_TeamHALM_Domain\WebAPI_TeamHALM_Domain.csproj", "{006A832F-B287-4FB9-822C-6C01F0BA2AED}"
EndProject
Global
	GlobalSection(SolutionConfigurationPlatforms) = preSolution
		Debug|Any CPU = Debug|Any CPU
		Release|Any CPU = Release|Any CPU
	EndGlobalSection
	GlobalSection(ProjectConfigurationPlatforms) = postSolution
		{33C79736-211A-47BD-BA72-9842BB2E3678}.Debug|Any CPU.ActiveCfg = Debug|Any CPU
		{33C79736-211A-47BD-BA72-9842BB2E3678}.Debug|Any CPU.Build.0 = Debug|Any CPU
		{33C79736-211A-47BD-BA72-9842BB2E3678}.Release|Any CPU.ActiveCfg = Release|Any CPU
		{33C79736-211A-47BD-BA72-9842BB2E3678}.Release|Any CPU.Build.0 = Release|Any CPU
		{006A832F-B287-4FB9-822C-6C01F0BA2AED}.Debug|Any CPU.ActiveCfg = Debug|Any CPU
		{006A832F-B287-4FB9-822C-6C01F0BA2AED}.Debug|Any CPU.Build.0 = Debug|Any CPU
		{006A832F-B287-4FB9-822C-6C01F0BA2AED}.Release|Any CPU.ActiveCfg = Release|Any CPU
		{006A832F-B287-4FB9-822C-6C01F0BA2AED}.Release|Any CPU.Build.0 = Release|Any CPU
	EndGlobalSection
	GlobalSection(SolutionProperties) = preSolution
		HideSolutionNode = FALSE
	EndGlobalSection
	GlobalSection(ExtensibilityGlobals) = postSolution
		SolutionGuid = {D41B2434-E7C2-46F5-8EA2-606CBDA3A217}
	EndGlobalSection
EndGlobal
